# THIS IS AN AUTOGENERATED FILE. DO NOT EDIT THIS FILE DIRECTLY.
# yarn lockfile v1


"@babel/runtime@7.15.4":
  version "7.15.4"
  resolved "https://registry.yarnpkg.com/@babel/runtime/-/runtime-7.15.4.tgz#fd17d16bfdf878e6dd02d19753a39fa8a8d9c84a"
  integrity sha512-99catp6bHCaxr4sJ/DbTGgHS4+Rs2RVd2g7iOap6SLGPDknRK9ztKNsE/Fg6QhSeh1FGE5f6gHGQmvvn3I3xhw==
  dependencies:
    regenerator-runtime "^0.13.4"

"@player-ui/binding-grammar@^0.1.0":
  version "0.1.0"
  resolved "https://registry.yarnpkg.com/@player-ui/binding-grammar/-/binding-grammar-0.1.0.tgz#1754038f1767888dc64e4da92cb06637b7644a84"
  integrity sha512-si8sNRKi9qCe6yBQHL0ZUlHQC9tkcWF+QKRDtLblJXUdQ8obZx1guQ3yqDkOpCF/WOypEtbqm7bj3tOQ1MyapA==
  dependencies:
    "@babel/runtime" "7.15.4"
    "@types/parsimmon" "^1.10.0"
    arr-flatten "^1.1.0"
    ebnf "^1.9.0"
    parsimmon "^1.12.0"

"@types/parsimmon@^1.10.0":
  version "1.10.6"
  resolved "https://registry.yarnpkg.com/@types/parsimmon/-/parsimmon-1.10.6.tgz#8fcf95990514d2a7624aa5f630c13bf2427f9cdd"
  integrity sha512-FwAQwMRbkhx0J6YELkwIpciVzCcgEqXEbIrIn3a2P5d3kGEHQ3wVhlN3YdVepYP+bZzCYO6OjmD4o9TGOZ40rA==

arr-flatten@^1.1.0:
  version "1.1.0"
  resolved "https://registry.yarnpkg.com/arr-flatten/-/arr-flatten-1.1.0.tgz#36048bbff4e7b47e136644316c99669ea5ae91f1"
  integrity sha512-L3hKV5R/p5o81R7O02IGnwpDmkp6E982XhtbuwSe3O4qOtMMMtodicASA1Cny2U+aCXcNpml+m4dPsvsJ3jatg==

ebnf@^1.9.0:
  version "1.9.0"
  resolved "https://registry.yarnpkg.com/ebnf/-/ebnf-1.9.0.tgz#9c2dd6052f3ed43a69c1f0b07b15bd03cefda764"
  integrity sha512-LKK899+j758AgPq00ms+y90mo+2P86fMKUWD28sH0zLKUj7aL6iIH2wy4jejAMM9I2BawJ+2kp6C3mMXj+Ii5g==

parsimmon@^1.12.0:
  version "1.18.1"
  resolved "https://registry.yarnpkg.com/parsimmon/-/parsimmon-1.18.1.tgz#d8dd9c28745647d02fc6566f217690897eed7709"
  integrity sha512-u7p959wLfGAhJpSDJVYXoyMCXWYwHia78HhRBWqk7AIbxdmlrfdp5wX0l3xv/iTSH5HvhN9K7o26hwwpgS5Nmw==

regenerator-runtime@^0.13.4:
  version "0.13.9"
  resolved "https://registry.yarnpkg.com/regenerator-runtime/-/regenerator-runtime-0.13.9.tgz#8925742a98ffd90814988d7566ad30ca3b263b52"
  integrity sha512-p3VT+cOEgxFsRRA9X4lkI1E+k2/CtnKtU4gcxyaCUreilL/vqI6CdZ3wxVUx3UOUg+gnUOQQcRI7BmSI656MYA==
